// !$*UTF8*$!
{
	archiveVersion = 1;
	classes = {
	};
	objectVersion = 77;
	objects = {

/* Begin PBXBuildFile section */
		02249D556C58C5ACDE488A25 /* API.swift in Sources */ = {isa = PBXBuildFile; fileRef = 2AA797F0D0857CCC4AF926D5 /* API.swift */; };
		136190614308747CF6530CF1 /* ClosetApp.swift in Sources */ = {isa = PBXBuildFile; fileRef = 9FF3089770658F0C085137AF /* ClosetApp.swift */; };
		34CAEF7D7E90C50E0A51C1AA /* LooksView.swift in Sources */ = {isa = PBXBuildFile; fileRef = DE241016BC0A68B7A3C25A36 /* LooksView.swift */; };
		474A45610E9121681DA0F0D4 /* SettingsView.swift in Sources */ = {isa = PBXBuildFile; fileRef = F3F7A6AED306F5FE17F8AB19 /* SettingsView.swift */; };
		50BC3A7E9897048D551A47DF /* Components.swift in Sources */ = {isa = PBXBuildFile; fileRef = 0171F41CF1CBC3FFF89782E0 /* Components.swift */; };
		67239E5B7C06B6FD9C9838EB /* LoginView.swift in Sources */ = {isa = PBXBuildFile; fileRef = E247D1BC05489B792860AA30 /* LoginView.swift */; };
		8744AE2AF17C50834307C56F /* AppModel.swift in Sources */ = {isa = PBXBuildFile; fileRef = 7F1565C0D558D47D6522654D /* AppModel.swift */; };
		A35548927CEB1D7ED2806A66 /* Models.swift in Sources */ = {isa = PBXBuildFile; fileRef = 5E5093956E827D1CAAB52023 /* Models.swift */; };
		B3670963D724A0FB789D79A2 /* AddView.swift in Sources */ = {isa = PBXBuildFile; fileRef = A03B1A20F748982BC493FDC1 /* AddView.swift */; };
		CDBFA6CC280B0FCB88707CD7 /* Assets.xcassets in Resources */ = {isa = PBXBuildFile; fileRef = E6FEFD9A13449945C60D7189 /* Assets.xcassets */; };
		D14B362CF3789750E8D1E34D /* Cards.swift in Sources */ = {isa = PBXBuildFile; fileRef = 204CBAC7EAC5F1F1988F7F05 /* Cards.swift */; };
		D3B53CF34C1D6B908487FF2C /* Viewers.swift in Sources */ = {isa = PBXBuildFile; fileRef = B6B6244D4F8CD52E428D0971 /* Viewers.swift */; };
		DE1AF6EE630EE6CAB590E193 /* HomeView.swift in Sources */ = {isa = PBXBuildFile; fileRef = 07670210CD9F6B4517A838B7 /* HomeView.swift */; };
		E47605ED097CC458B148E81E /* Taxonomy.swift in Sources */ = {isa = PBXBuildFile; fileRef = 933087EE15AB780338C27256 /* Taxonomy.swift */; };
		E910D35DEF619ECB7629D3A1 /* Passkeys.swift in Sources */ = {isa = PBXBuildFile; fileRef = 45612BA0C9E4CDE4EB153C41 /* Passkeys.swift */; };
/* End PBXBuildFile section */

/* Begin PBXFileReference section */
		0171F41CF1CBC3FFF89782E0 /* Components.swift */ = {isa = PBXFileReference; lastKnownFileType = sourcecode.swift; path = Components.swift; sourceTree = "<group>"; };
		07670210CD9F6B4517A838B7 /* HomeView.swift */ = {isa = PBXFileReference; lastKnownFileType = sourcecode.swift; path = HomeView.swift; sourceTree = "<group>"; };
		204CBAC7EAC5F1F1988F7F05 /* Cards.swift */ = {isa = PBXFileReference; lastKnownFileType = sourcecode.swift; path = Cards.swift; sourceTree = "<group>"; };
		2AA797F0D0857CCC4AF926D5 /* API.swift */ = {isa = PBXFileReference; lastKnownFileType = sourcecode.swift; path = API.swift; sourceTree = "<group>"; };
		45612BA0C9E4CDE4EB153C41 /* Passkeys.swift */ = {isa = PBXFileReference; lastKnownFileType = sourcecode.swift; path = Passkeys.swift; sourceTree = "<group>"; };
		5E5093956E827D1CAAB52023 /* Models.swift */ = {isa = PBXFileReference; lastKnownFileType = sourcecode.swift; path = Models.swift; sourceTree = "<group>"; };
		7F1565C0D558D47D6522654D /* AppModel.swift */ = {isa = PBXFileReference; lastKnownFileType = sourcecode.swift; path = AppModel.swift; sourceTree = "<group>"; };
		80E43D9A6EAE6EAF6BBF0D16 /* Closet.app */ = {isa = PBXFileReference; includeInIndex = 0; lastKnownFileType = wrapper.application; path = Closet.app; sourceTree = BUILT_PRODUCTS_DIR; };
		933087EE15AB780338C27256 /* Taxonomy.swift */ = {isa = PBXFileReference; lastKnownFileType = sourcecode.swift; path = Taxonomy.swift; sourceTree = "<group>"; };
		9FF3089770658F0C085137AF /* ClosetApp.swift */ = {isa = PBXFileReference; lastKnownFileType = sourcecode.swift; path = ClosetApp.swift; sourceTree = "<group>"; };
		A03B1A20F748982BC493FDC1 /* AddView.swift */ = {isa = PBXFileReference; lastKnownFileType = sourcecode.swift; path = AddView.swift; sourceTree = "<group>"; };
		B6B6244D4F8CD52E428D0971 /* Viewers.swift */ = {isa = PBXFileReference; lastKnownFileType = sourcecode.swift; path = Viewers.swift; sourceTree = "<group>"; };
		DE241016BC0A68B7A3C25A36 /* LooksView.swift */ = {isa = PBXFileReference; lastKnownFileType = sourcecode.swift; path = LooksView.swift; sourceTree = "<group>"; };
		E247D1BC05489B792860AA30 /* LoginView.swift */ = {isa = PBXFileReference; lastKnownFileType = sourcecode.swift; path = LoginView.swift; sourceTree = "<group>"; };
		E6FEFD9A13449945C60D7189 /* Assets.xcassets */ = {isa = PBXFileReference; lastKnownFileType = folder.assetcatalog; path = Assets.xcassets; sourceTree = "<group>"; };
		F0D676B0BF3D60ABE76EC430 /* Closet.entitlements */ = {isa = PBXFileReference; lastKnownFileType = text.plist.entitlements; path = Closet.entitlements; sourceTree = "<group>"; };
		F3F7A6AED306F5FE17F8AB19 /* SettingsView.swift */ = {isa = PBXFileReference; lastKnownFileType = sourcecode.swift; path = SettingsView.swift; sourceTree = "<group>"; };
/* End PBXFileReference section */

/* Begin PBXGroup section */
		742CC18055F52B05035200B2 /* Closet */ = {
			isa = PBXGroup;
			children = (
				A03B1A20F748982BC493FDC1 /* AddView.swift */,
				2AA797F0D0857CCC4AF926D5 /* API.swift */,
				7F1565C0D558D47D6522654D /* AppModel.swift */,
				E6FEFD9A13449945C60D7189 /* Assets.xcassets */,
				204CBAC7EAC5F1F1988F7F05 /* Cards.swift */,
				F0D676B0BF3D60ABE76EC430 /* Closet.entitlements */,
				9FF3089770658F0C085137AF /* ClosetApp.swift */,
				0171F41CF1CBC3FFF89782E0 /* Components.swift */,
				07670210CD9F6B4517A838B7 /* HomeView.swift */,
				E247D1BC05489B792860AA30 /* LoginView.swift */,
				DE241016BC0A68B7A3C25A36 /* LooksView.swift */,
				5E5093956E827D1CAAB52023 /* Models.swift */,
				45612BA0C9E4CDE4EB153C41 /* Passkeys.swift */,
				F3F7A6AED306F5FE17F8AB19 /* SettingsView.swift */,
				933087EE15AB780338C27256 /* Taxonomy.swift */,
				B6B6244D4F8CD52E428D0971 /* Viewers.swift */,
			);
			path = Closet;
			sourceTree = "<group>";
		};
		8E48550BC372D3613E23E4C6 = {
			isa = PBXGroup;
			children = (
				742CC18055F52B05035200B2 /* Closet */,
				BE543F7CF944F6CDF57057D5 /* Products */,
			);
			sourceTree = "<group>";
		};
		BE543F7CF944F6CDF57057D5 /* Products */ = {
			isa = PBXGroup;
			children = (
				80E43D9A6EAE6EAF6BBF0D16 /* Closet.app */,
			);
			name = Products;
			sourceTree = "<group>";
		};
/* End PBXGroup section */

/* Begin PBXNativeTarget section */
		2ED05ADE6128BC0D13E1745F /* Closet */ = {
			isa = PBXNativeTarget;
			buildConfigurationList = E1A3E80A271DA41143E95412 /* Build configuration list for PBXNativeTarget "Closet" */;
			buildPhases = (
				4122891F4DCFF3FF37D1170E /* Sources */,
				FC749F22D35051F9A9977075 /* Resources */,
			);
			buildRules = (
			);
			dependencies = (
			);
			name = Closet;
			packageProductDependencies = (
			);
			productName = Closet;
			productReference = 80E43D9A6EAE6EAF6BBF0D16 /* Closet.app */;
			productType = "com.apple.product-type.application";
		};
/* End PBXNativeTarget section */

/* Begin PBXProject section */
		7279AA660592F917382731BA /* Project object */ = {
			isa = PBXProject;
			attributes = {
				BuildIndependentTargetsInParallel = YES;
				LastUpgradeCheck = 1430;
				TargetAttributes = {
					2ED05ADE6128BC0D13E1745F = {
						DevelopmentTeam = M8M22924DJ;
						ProvisioningStyle = Automatic;
					};
				};
			};
			buildConfigurationList = 626EAB506F5015587AD35F1C /* Build configuration list for PBXProject "Closet" */;
			developmentRegion = en;
			hasScannedForEncodings = 0;
			knownRegions = (
				Base,
				en,
			);
			mainGroup = 8E48550BC372D3613E23E4C6;
			minimizedProjectReferenceProxies = 1;
			preferredProjectObjectVersion = 77;
			productRefGroup = BE543F7CF944F6CDF57057D5 /* Products */;
			projectDirPath = "";
			projectRoot = "";
			targets = (
				2ED05ADE6128BC0D13E1745F /* Closet */,
			);
		};
/* End PBXProject section */

/* Begin PBXResourcesBuildPhase section */
		FC749F22D35051F9A9977075 /* Resources */ = {
			isa = PBXResourcesBuildPhase;
			buildActionMask = 2147483647;
			files = (
				CDBFA6CC280B0FCB88707CD7 /* Assets.xcassets in Resources */,
			);
			runOnlyForDeploymentPostprocessing = 0;
		};
/* End PBXResourcesBuildPhase section */

/* Begin PBXSourcesBuildPhase section */
		4122891F4DCFF3FF37D1170E /* Sources */ = {
			isa = PBXSourcesBuildPhase;
			buildActionMask = 2147483647;
			files = (
				02249D556C58C5ACDE488A25 /* API.swift in Sources */,
				B3670963D724A0FB789D79A2 /* AddView.swift in Sources */,
				8744AE2AF17C50834307C56F /* AppModel.swift in Sources */,
				D14B362CF3789750E8D1E34D /* Cards.swift in Sources */,
				136190614308747CF6530CF1 /* ClosetApp.swift in Sources */,
				50BC3A7E9897048D551A47DF /* Components.swift in Sources */,
				DE1AF6EE630EE6CAB590E193 /* HomeView.swift in Sources */,
				67239E5B7C06B6FD9C9838EB /* LoginView.swift in Sources */,
				34CAEF7D7E90C50E0A51C1AA /* LooksView.swift in Sources */,
				A35548927CEB1D7ED2806A66 /* Models.swift in Sources */,
				E910D35DEF619ECB7629D3A1 /* Passkeys.swift in Sources */,
				474A45610E9121681DA0F0D4 /* SettingsView.swift in Sources */,
				E47605ED097CC458B148E81E /* Taxonomy.swift in Sources */,
				D3B53CF34C1D6B908487FF2C /* Viewers.swift in Sources */,
			);
			runOnlyForDeploymentPostprocessing = 0;
		};
/* End PBXSourcesBuildPhase section */

/* Begin XCBuildConfiguration section */
		099F4E64B9876BF5E323950A /* Debug */ = {
			isa = XCBuildConfiguration;
			buildSettings = {
				ASSETCATALOG_COMPILER_APPICON_NAME = AppIcon;
				ASSETCATALOG_COMPILER_GLOBAL_ACCENT_COLOR_NAME = AccentColor;
				CODE_SIGN_ENTITLEMENTS = Closet/Closet.entitlements;
				CODE_SIGN_IDENTITY = "iPhone Developer";
				GENERATE_INFOPLIST_FILE = YES;
				INFOPLIST_KEY_CFBundleDisplayName = closet;
				INFOPLIST_KEY_NSCameraUsageDescription = "Take a photo of a garment to try it on or add it to your closet.";
				INFOPLIST_KEY_NSPhotoLibraryAddUsageDescription = "Save generated looks to your photo library.";
				INFOPLIST_KEY_UILaunchScreen_Generation = YES;
				INFOPLIST_KEY_UISupportedInterfaceOrientations = UIInterfaceOrientationPortrait;
				INFOPLIST_KEY_UIUserInterfaceStyle = Light;
				LD_RUNPATH_SEARCH_PATHS = (
					"$(inherited)",
					"@executable_path/Frameworks",
				);
				PRODUCT_BUNDLE_IDENTIFIER = com.lukaloehr.closet;
				SDKROOT = iphoneos;
				TARGETED_DEVICE_FAMILY = 1;
			};
			name = Debug;
		};
		5A9458CEF699BC3264148CE5 /* Release */ = {
			isa = XCBuildConfiguration;
			buildSettings = {
				ASSETCATALOG_COMPILER_APPICON_NAME = AppIcon;
				ASSETCATALOG_COMPILER_GLOBAL_ACCENT_COLOR_NAME = AccentColor;
				CODE_SIGN_ENTITLEMENTS = Closet/Closet.entitlements;
				CODE_SIGN_IDENTITY = "iPhone Developer";
				GENERATE_INFOPLIST_FILE = YES;
				INFOPLIST_KEY_CFBundleDisplayName = closet;
				INFOPLIST_KEY_NSCameraUsageDescription = "Take a photo of a garment to try it on or add it to your closet.";
				INFOPLIST_KEY_NSPhotoLibraryAddUsageDescription = "Save generated looks to your photo library.";
				INFOPLIST_KEY_UILaunchScreen_Generation = YES;
				INFOPLIST_KEY_UISupportedInterfaceOrientations = UIInterfaceOrientationPortrait;
				INFOPLIST_KEY_UIUserInterfaceStyle = Light;
				LD_RUNPATH_SEARCH_PATHS = (
					"$(inherited)",
					"@executable_path/Frameworks",
				);
				PRODUCT_BUNDLE_IDENTIFIER = com.lukaloehr.closet;
				SDKROOT = iphoneos;
				TARGETED_DEVICE_FAMILY = 1;
			};
			name = Release;
		};
		7DF3D45E8BF42DDCBF59B5E3 /* Debug */ = {
			isa = XCBuildConfiguration;
			buildSettings = {
				ALWAYS_SEARCH_USER_PATHS = NO;
				CLANG_ANALYZER_NONNULL = YES;
				CLANG_ANALYZER_NUMBER_OBJECT_CONVERSION = YES_AGGRESSIVE;
				CLANG_CXX_LANGUAGE_STANDARD = "gnu++14";
				CLANG_CXX_LIBRARY = "libc++";
				CLANG_ENABLE_MODULES = YES;
				CLANG_ENABLE_OBJC_ARC = YES;
				CLANG_ENABLE_OBJC_WEAK = YES;
				CLANG_WARN_BLOCK_CAPTURE_AUTORELEASING = YES;
				CLANG_WARN_BOOL_CONVERSION = YES;
				CLANG_WARN_COMMA = YES;
				CLANG_WARN_CONSTANT_CONVERSION = YES;
				CLANG_WARN_DEPRECATED_OBJC_IMPLEMENTATIONS = YES;
				CLANG_WARN_DIRECT_OBJC_ISA_USAGE = YES_ERROR;
				CLANG_WARN_DOCUMENTATION_COMMENTS = YES;
				CLANG_WARN_EMPTY_BODY = YES;
				CLANG_WARN_ENUM_CONVERSION = YES;
				CLANG_WARN_INFINITE_RECURSION = YES;
				CLANG_WARN_INT_CONVERSION = YES;
				CLANG_WARN_NON_LITERAL_NULL_CONVERSION = YES;
				CLANG_WARN_OBJC_IMPLICIT_RETAIN_SELF = YES;
				CLANG_WARN_OBJC_LITERAL_CONVERSION = YES;
				CLANG_WARN_OBJC_ROOT_CLASS = YES_ERROR;
				CLANG_WARN_QUOTED_INCLUDE_IN_FRAMEWORK_HEADER = YES;
				CLANG_WARN_RANGE_LOOP_ANALYSIS = YES;
				CLANG_WARN_STRICT_PROTOTYPES = YES;
				CLANG_WARN_SUSPICIOUS_MOVE = YES;
				CLANG_WARN_UNGUARDED_AVAILABILITY = YES_AGGRESSIVE;
				CLANG_WARN_UNREACHABLE_CODE = YES;
				CLANG_WARN__DUPLICATE_METHOD_MATCH = YES;
				CODE_SIGN_STYLE = Automatic;
				COPY_PHASE_STRIP = NO;
				CURRENT_PROJECT_VERSION = 1;
				DEBUG_INFORMATION_FORMAT = dwarf;
				DEVELOPMENT_TEAM = M8M22924DJ;
				ENABLE_STRICT_OBJC_MSGSEND = YES;
				ENABLE_TESTABILITY = YES;
				GCC_C_LANGUAGE_STANDARD = gnu11;
				GCC_DYNAMIC_NO_PIC = NO;
				GCC_NO_COMMON_BLOCKS = YES;
				GCC_OPTIMIZATION_LEVEL = 0;
				GCC_PREPROCESSOR_DEFINITIONS = (
					"$(inherited)",
					"DEBUG=1",
				);
				GCC_WARN_64_TO_32_BIT_CONVERSION = YES;
				GCC_WARN_ABOUT_RETURN_TYPE = YES_ERROR;
				GCC_WARN_UNDECLARED_SELECTOR = YES;
				GCC_WARN_UNINITIALIZED_AUTOS = YES_AGGRESSIVE;
				GCC_WARN_UNUSED_FUNCTION = YES;
				GCC_WARN_UNUSED_VARIABLE = YES;
				IPHONEOS_DEPLOYMENT_TARGET = 26.0;
				MARKETING_VERSION = 1.0;
				MTL_ENABLE_DEBUG_INFO = INCLUDE_SOURCE;
				MTL_FAST_MATH = YES;
				ONLY_ACTIVE_ARCH = YES;
				PRODUCT_NAME = "$(TARGET_NAME)";
				SDKROOT = iphoneos;
				SWIFT_ACTIVE_COMPILATION_CONDITIONS = DEBUG;
				SWIFT_OPTIMIZATION_LEVEL = "-Onone";
				SWIFT_VERSION = 5.0;
			};
			name = Debug;
		};
		8CFFBC877DCB64C66ABBCA1A /* Release */ = {
			isa = XCBuildConfiguration;
			buildSettings = {
				ALWAYS_SEARCH_USER_PATHS = NO;
				CLANG_ANALYZER_NONNULL = YES;
				CLANG_ANALYZER_NUMBER_OBJECT_CONVERSION = YES_AGGRESSIVE;
				CLANG_CXX_LANGUAGE_STANDARD = "gnu++14";
				CLANG_CXX_LIBRARY = "libc++";
				CLANG_ENABLE_MODULES = YES;
				CLANG_ENABLE_OBJC_ARC = YES;
				CLANG_ENABLE_OBJC_WEAK = YES;
				CLANG_WARN_BLOCK_CAPTURE_AUTORELEASING = YES;
				CLANG_WARN_BOOL_CONVERSION = YES;
				CLANG_WARN_COMMA = YES;
				CLANG_WARN_CONSTANT_CONVERSION = YES;
				CLANG_WARN_DEPRECATED_OBJC_IMPLEMENTATIONS = YES;
				CLANG_WARN_DIRECT_OBJC_ISA_USAGE = YES_ERROR;
				CLANG_WARN_DOCUMENTATION_COMMENTS = YES;
				CLANG_WARN_EMPTY_BODY = YES;
				CLANG_WARN_ENUM_CONVERSION = YES;
				CLANG_WARN_INFINITE_RECURSION = YES;
				CLANG_WARN_INT_CONVERSION = YES;
				CLANG_WARN_NON_LITERAL_NULL_CONVERSION = YES;
				CLANG_WARN_OBJC_IMPLICIT_RETAIN_SELF = YES;
				CLANG_WARN_OBJC_LITERAL_CONVERSION = YES;
				CLANG_WARN_OBJC_ROOT_CLASS = YES_ERROR;
				CLANG_WARN_QUOTED_INCLUDE_IN_FRAMEWORK_HEADER = YES;
				CLANG_WARN_RANGE_LOOP_ANALYSIS = YES;
				CLANG_WARN_STRICT_PROTOTYPES = YES;
				CLANG_WARN_SUSPICIOUS_MOVE = YES;
				CLANG_WARN_UNGUARDED_AVAILABILITY = YES_AGGRESSIVE;
				CLANG_WARN_UNREACHABLE_CODE = YES;
				CLANG_WARN__DUPLICATE_METHOD_MATCH = YES;
				CODE_SIGN_STYLE = Automatic;
				COPY_PHASE_STRIP = NO;
				CURRENT_PROJECT_VERSION = 1;
				DEBUG_INFORMATION_FORMAT = "dwarf-with-dsym";
				DEVELOPMENT_TEAM = M8M22924DJ;
				ENABLE_NS_ASSERTIONS = NO;
				ENABLE_STRICT_OBJC_MSGSEND = YES;
				GCC_C_LANGUAGE_STANDARD = gnu11;
				GCC_NO_COMMON_BLOCKS = YES;
				GCC_WARN_64_TO_32_BIT_CONVERSION = YES;
				GCC_WARN_ABOUT_RETURN_TYPE = YES_ERROR;
				GCC_WARN_UNDECLARED_SELECTOR = YES;
				GCC_WARN_UNINITIALIZED_AUTOS = YES_AGGRESSIVE;
				GCC_WARN_UNUSED_FUNCTION = YES;
				GCC_WARN_UNUSED_VARIABLE = YES;
				IPHONEOS_DEPLOYMENT_TARGET = 26.0;
				MARKETING_VERSION = 1.0;
				MTL_ENABLE_DEBUG_INFO = NO;
				MTL_FAST_MATH = YES;
				PRODUCT_NAME = "$(TARGET_NAME)";
				SDKROOT = iphoneos;
				SWIFT_COMPILATION_MODE = wholemodule;
				SWIFT_OPTIMIZATION_LEVEL = "-O";
				SWIFT_VERSION = 5.0;
			};
			name = Release;
		};
/* End XCBuildConfiguration section */

/* Begin XCConfigurationList section */
		626EAB506F5015587AD35F1C /* Build configuration list for PBXProject "Closet" */ = {
			isa = XCConfigurationList;
			buildConfigurations = (
				7DF3D45E8BF42DDCBF59B5E3 /* Debug */,
				8CFFBC877DCB64C66ABBCA1A /* Release */,
			);
			defaultConfigurationIsVisible = 0;
			defaultConfigurationName = Debug;
		};
		E1A3E80A271DA41143E95412 /* Build configuration list for PBXNativeTarget "Closet" */ = {
			isa = XCConfigurationList;
			buildConfigurations = (
				099F4E64B9876BF5E323950A /* Debug */,
				5A9458CEF699BC3264148CE5 /* Release */,
			);
			defaultConfigurationIsVisible = 0;
			defaultConfigurationName = Debug;
		};
/* End XCConfigurationList section */
	};
	rootObject = 7279AA660592F917382731BA /* Project object */;
}
